// !$*UTF8*$!
{
	archiveVersion = 1;
	classes = {
	};
	objectVersion = 55;
	objects = {

/* Begin PBXBuildFile section */
		E425D23C2881DCEC00F6524B /* AppDelegate.swift in Sources */ = {isa = PBXBuildFile; fileRef = E425D23B2881DCEC00F6524B /* AppDelegate.swift */; };
		E425D23E2881DCEC00F6524B /* SceneDelegate.swift in Sources */ = {isa = PBXBuildFile; fileRef = E425D23D2881DCEC00F6524B /* SceneDelegate.swift */; };
		E425D2402881DCEC00F6524B /* ViewController.swift in Sources */ = {isa = PBXBuildFile; fileRef = E425D23F2881DCEC00F6524B /* ViewController.swift */; };
		E425D2432881DCEC00F6524B /* Main.storyboard in Resources */ = {isa = PBXBuildFile; fileRef = E425D2412881DCEC00F6524B /* Main.storyboard */; };
		E425D2462881DCEC00F6524B /* Prework.xcdatamodeld in Sources */ = {isa = PBXBuildFile; fileRef = E425D2442881DCEC00F6524B /* Prework.xcdatamodeld */; };
		E425D2482881DCF000F6524B /* Assets.xcassets in Resources */ = {isa = PBXBuildFile; fileRef = E425D2472881DCF000F6524B /* Assets.xcassets */; };
		E425D24B2881DCF000F6524B /* LaunchScreen.storyboard in Resources */ = {isa = PBXBuildFile; fileRef = E425D2492881DCF000F6524B /* LaunchScreen.storyboard */; };
		E425D2562881DCF100F6524B /* PreworkTests.swift in Sources */ = {isa = PBXBuildFile; fileRef = E425D2552881DCF100F6524B /* PreworkTests.swift */; };
		E425D2602881DCF100F6524B /* PreworkUITests.swift in Sources */ = {isa = PBXBuildFile; fileRef = E425D25F2881DCF100F6524B /* PreworkUITests.swift */; };
		E425D2622881DCF100F6524B /* PreworkUITestsLaunchTests.swift in Sources */ = {isa = PBXBuildFile; fileRef = E425D2612881DCF100F6524B /* PreworkUITestsLaunchTests.swift */; };
		E425D2752884049300F6524B /* SettingsViewController.swift in Sources */ = {isa = PBXBuildFile; fileRef = E425D2742884049300F6524B /* SettingsViewController.swift */; };
/* End PBXBuildFile section */

/* Begin PBXContainerItemProxy section */
		E425D2522881DCF100F6524B /* PBXContainerItemProxy */ = {
			isa = PBXContainerItemProxy;
			containerPortal = E425D2302881DCEC00F6524B /* Project object */;
			proxyType = 1;
			remoteGlobalIDString = E425D2372881DCEC00F6524B;
			remoteInfo = Prework;
		};
		E425D25C2881DCF100F6524B /* PBXContainerItemProxy */ = {
			isa = PBXContainerItemProxy;
			containerPortal = E425D2302881DCEC00F6524B /* Project object */;
			proxyType = 1;
			remoteGlobalIDString = E425D2372881DCEC00F6524B;
			remoteInfo = Prework;
		};
/* End PBXContainerItemProxy section */

/* Begin PBXFileReference section */
		E425D2382881DCEC00F6524B /* Prework.app */ = {isa = PBXFileReference; explicitFileType = wrapper.application; includeInIndex = 0; path = Prework.app; sourceTree = BUILT_PRODUCTS_DIR; };
		E425D23B2881DCEC00F6524B /* AppDelegate.swift */ = {isa = PBXFileReference; lastKnownFileType = sourcecode.swift; path = AppDelegate.swift; sourceTree = "<group>"; };
		E425D23D2881DCEC00F6524B /* SceneDelegate.swift */ = {isa = PBXFileReference; lastKnownFileType = sourcecode.swift; path = SceneDelegate.swift; sourceTree = "<group>"; };
		E425D23F2881DCEC00F6524B /* ViewController.swift */ = {isa = PBXFileReference; lastKnownFileType = sourcecode.swift; path = ViewController.swift; sourceTree = "<group>"; };
		E425D2422881DCEC00F6524B /* Base */ = {isa = PBXFileReference; lastKnownFileType = file.storyboard; name = Base; path = Base.lproj/Main.storyboard; sourceTree = "<group>"; };
		E425D2452881DCEC00F6524B /* Prework.xcdatamodel */ = {isa = PBXFileReference; lastKnownFileType = wrapper.xcdatamodel; path = Prework.xcdatamodel; sourceTree = "<group>"; };
		E425D2472881DCF000F6524B /* Assets.xcassets */ = {isa = PBXFileReference; lastKnownFileType = folder.assetcatalog; path = Assets.xcassets; sourceTree = "<group>"; };
		E425D24A2881DCF000F6524B /* Base */ = {isa = PBXFileReference; lastKnownFileType = file.storyboard; name = Base; path = Base.lproj/LaunchScreen.storyboard; sourceTree = "<group>"; };
		E425D24C2881DCF000F6524B /* Info.plist */ = {isa = PBXFileReference; lastKnownFileType = text.plist.xml; path = Info.plist; sourceTree = "<group>"; };
		E425D2512881DCF100F6524B /* PreworkTests.xctest */ = {isa = PBXFileReference; explicitFileType = wrapper.cfbundle; includeInIndex = 0; path = PreworkTests.xctest; sourceTree = BUILT_PRODUCTS_DIR; };
		E425D2552881DCF100F6524B /* PreworkTests.swift */ = {isa = PBXFileReference; lastKnownFileType = sourcecode.swift; path = PreworkTests.swift; sourceTree = "<group>"; };
		E425D25B2881DCF100F6524B /* PreworkUITests.xctest */ = {isa = PBXFileReference; explicitFileType = wrapper.cfbundle; includeInIndex = 0; path = PreworkUITests.xctest; sourceTree = BUILT_PRODUCTS_DIR; };
		E425D25F2881DCF100F6524B /* PreworkUITests.swift */ = {isa = PBXFileReference; lastKnownFileType = sourcecode.swift; path = PreworkUITests.swift; sourceTree = "<group>"; };
		E425D2612881DCF100F6524B /* PreworkUITestsLaunchTests.swift */ = {isa = PBXFileReference; lastKnownFileType = sourcecode.swift; path = PreworkUITestsLaunchTests.swift; sourceTree = "<group>"; };
		E425D2742884049300F6524B /* SettingsViewController.swift */ = {isa = PBXFileReference; lastKnownFileType = sourcecode.swift; path = SettingsViewController.swift; sourceTree = "<group>"; };
/* End PBXFileReference section */

/* Begin PBXFrameworksBuildPhase section */
		E425D2352881DCEC00F6524B /* Frameworks */ = {
			isa = PBXFrameworksBuildPhase;
			buildActionMask = 2147483647;
			files = (
			);
			runOnlyForDeploymentPostprocessing = 0;
		};
		E425D24E2881DCF100F6524B /* Frameworks */ = {
			isa = PBXFrameworksBuildPhase;
			buildActionMask = 2147483647;
			files = (
			);
			runOnlyForDeploymentPostprocessing = 0;
		};
		E425D2582881DCF100F6524B /* Frameworks */ = {
			isa = PBXFrameworksBuildPhase;
			buildActionMask = 2147483647;
			files = (
			);
			runOnlyForDeploymentPostprocessing = 0;
		};
/* End PBXFrameworksBuildPhase section */

/* Begin PBXGroup section */
		E425D22F2881DCEC00F6524B = {
			isa = PBXGroup;
			children = (
				E425D23A2881DCEC00F6524B /* Prework */,
				E425D2542881DCF100F6524B /* PreworkTests */,
				E425D25E2881DCF100F6524B /* PreworkUITests */,
				E425D2392881DCEC00F6524B /* Products */,
			);
			sourceTree = "<group>";
		};
		E425D2392881DCEC00F6524B /* Products */ = {
			isa = PBXGroup;
			children = (
				E425D2382881DCEC00F6524B /* Prework.app */,
				E425D2512881DCF100F6524B /* PreworkTests.xctest */,
				E425D25B2881DCF100F6524B /* PreworkUITests.xctest */,
			);
			name = Products;
			sourceTree = "<group>";
		};
		E425D23A2881DCEC00F6524B /* Prework */ = {
			isa = PBXGroup;
			children = (
				E425D23B2881DCEC00F6524B /* AppDelegate.swift */,
				E425D23D2881DCEC00F6524B /* SceneDelegate.swift */,
				E425D23F2881DCEC00F6524B /* ViewController.swift */,
				E425D2412881DCEC00F6524B /* Main.storyboard */,
				E425D2742884049300F6524B /* SettingsViewController.swift */,
				E425D2472881DCF000F6524B /* Assets.xcassets */,
				E425D2492881DCF000F6524B /* LaunchScreen.storyboard */,
				E425D24C2881DCF000F6524B /* Info.plist */,
				E425D2442881DCEC00F6524B /* Prework.xcdatamodeld */,
			);
			path = Prework;
			sourceTree = "<group>";
		};
		E425D2542881DCF100F6524B /* PreworkTests */ = {
			isa = PBXGroup;
			children = (
				E425D2552881DCF100F6524B /* PreworkTests.swift */,
			);
			path = PreworkTests;
			sourceTree = "<group>";
		};
		E425D25E2881DCF100F6524B /* PreworkUITests */ = {
			isa = PBXGroup;
			children = (
				E425D25F2881DCF100F6524B /* PreworkUITests.swift */,
				E425D2612881DCF100F6524B /* PreworkUITestsLaunchTests.swift */,
			);
			path = PreworkUITests;
			sourceTree = "<group>";
		};
/* End PBXGroup section */

/* Begin PBXNativeTarget section */
		E425D2372881DCEC00F6524B /* Prework */ = {
			isa = PBXNativeTarget;
			buildConfigurationList = E425D2652881DCF100F6524B /* Build configuration list for PBXNativeTarget "Prework" */;
			buildPhases = (
				E425D2342881DCEC00F6524B /* Sources */,
				E425D2352881DCEC00F6524B /* Frameworks */,
				E425D2362881DCEC00F6524B /* Resources */,
			);
			buildRules = (
			);
			dependencies = (
			);
			name = Prework;
			productName = Prework;
			productReference = E425D2382881DCEC00F6524B /* Prework.app */;
			productType = "com.apple.product-type.application";
		};
		E425D2502881DCF100F6524B /* PreworkTests */ = {
			isa = PBXNativeTarget;
			buildConfigurationList = E425D2682881DCF100F6524B /* Build configuration list for PBXNativeTarget "PreworkTests" */;
			buildPhases = (
				E425D24D2881DCF100F6524B /* Sources */,
				E425D24E2881DCF100F6524B /* Frameworks */,
				E425D24F2881DCF100F6524B /* Resources */,
			);
			buildRules = (
			);
			dependencies = (
				E425D2532881DCF100F6524B /* PBXTargetDependency */,
			);
			name = PreworkTests;
			productName = PreworkTests;
			productReference = E425D2512881DCF100F6524B /* PreworkTests.xctest */;
			productType = "com.apple.product-type.bundle.unit-test";
		};
		E425D25A2881DCF100F6524B /* PreworkUITests */ = {
			isa = PBXNativeTarget;
			buildConfigurationList = E425D26B2881DCF100F6524B /* Build configuration list for PBXNativeTarget "PreworkUITests" */;
			buildPhases = (
				E425D2572881DCF100F6524B /* Sources */,
				E425D2582881DCF100F6524B /* Frameworks */,
				E425D2592881DCF100F6524B /* Resources */,
			);
			buildRules = (
			);
			dependencies = (
				E425D25D2881DCF100F6524B /* PBXTargetDependency */,
			);
			name = PreworkUITests;
			productName = PreworkUITests;
			productReference = E425D25B2881DCF100F6524B /* PreworkUITests.xctest */;
			productType = "com.apple.product-type.bundle.ui-testing";
		};
/* End PBXNativeTarget section */

/* Begin PBXProject section */
		E425D2302881DCEC00F6524B /* Project object */ = {
			isa = PBXProject;
			attributes = {
				BuildIndependentTargetsInParallel = 1;
				LastSwiftUpdateCheck = 1340;
				LastUpgradeCheck = 1340;
				TargetAttributes = {
					E425D2372881DCEC00F6524B = {
						CreatedOnToolsVersion = 13.4.1;
					};
					E425D2502881DCF100F6524B = {
						CreatedOnToolsVersion = 13.4.1;
						TestTargetID = E425D2372881DCEC00F6524B;
					};
					E425D25A2881DCF100F6524B = {
						CreatedOnToolsVersion = 13.4.1;
						TestTargetID = E425D2372881DCEC00F6524B;
					};
				};
			};
			buildConfigurationList = E425D2332881DCEC00F6524B /* Build configuration list for PBXProject "Prework" */;
			compatibilityVersion = "Xcode 13.0";
			developmentRegion = en;
			hasScannedForEncodings = 0;
			knownRegions = (
				en,
				Base,
			);
			mainGroup = E425D22F2881DCEC00F6524B;
			productRefGroup = E425D2392881DCEC00F6524B /* Products */;
			projectDirPath = "";
			projectRoot = "";
			targets = (
				E425D2372881DCEC00F6524B /* Prework */,
				E425D2502881DCF100F6524B /* PreworkTests */,
				E425D25A2881DCF100F6524B /* PreworkUITests */,
			);
		};
/* End PBXProject section */

/* Begin PBXResourcesBuildPhase section */
		E425D2362881DCEC00F6524B /* Resources */ = {
			isa = PBXResourcesBuildPhase;
			buildActionMask = 2147483647;
			files = (
				E425D24B2881DCF000F6524B /* LaunchScreen.storyboard in Resources */,
				E425D2482881DCF000F6524B /* Assets.xcassets in Resources */,
				E425D2432881DCEC00F6524B /* Main.storyboard in Resources */,
			);
			runOnlyForDeploymentPostprocessing = 0;
		};
		E425D24F2881DCF100F6524B /* Resources */ = {
			isa = PBXResourcesBuildPhase;
			buildActionMask = 2147483647;
			files = (
			);
			runOnlyForDeploymentPostprocessing = 0;
		};
		E425D2592881DCF100F6524B /* Resources */ = {
			isa = PBXResourcesBuildPhase;
			buildActionMask = 2147483647;
			files = (
			);
			runOnlyForDeploymentPostprocessing = 0;
		};
/* End PBXResourcesBuildPhase section */

/* Begin PBXSourcesBuildPhase section */
		E425D2342881DCEC00F6524B /* Sources */ = {
			isa = PBXSourcesBuildPhase;
			buildActionMask = 2147483647;
			files = (
				E425D2402881DCEC00F6524B /* ViewController.swift in Sources */,
				E425D23C2881DCEC00F6524B /* AppDelegate.swift in Sources */,
				E425D2462881DCEC00F6524B /* Prework.xcdatamodeld in Sources */,
				E425D2752884049300F6524B /* SettingsViewController.swift in Sources */,
				E425D23E2881DCEC00F6524B /* SceneDelegate.swift in Sources */,
			);
			runOnlyForDeploymentPostprocessing = 0;
		};
		E425D24D2881DCF100F6524B /* Sources */ = {
			isa = PBXSourcesBuildPhase;
			buildActionMask = 2147483647;
			files = (
				E425D2562881DCF100F6524B /* PreworkTests.swift in Sources */,
			);
			runOnlyForDeploymentPostprocessing = 0;
		};
		E425D2572881DCF100F6524B /* Sources */ = {
			isa = PBXSourcesBuildPhase;
			buildActionMask = 2147483647;
			files = (
				E425D2602881DCF100F6524B /* PreworkUITests.swift in Sources */,
				E425D2622881DCF100F6524B /* PreworkUITestsLaunchTests.swift in Sources */,
			);
			runOnlyForDeploymentPostprocessing = 0;
		};
/* End PBXSourcesBuildPhase section */

/* Begin PBXTargetDependency section */
		E425D2532881DCF100F6524B /* PBXTargetDependency */ = {
			isa = PBXTargetDependency;
			target = E425D2372881DCEC00F6524B /* Prework */;
			targetProxy = E425D2522881DCF100F6524B /* PBXContainerItemProxy */;
		};
		E425D25D2881DCF100F6524B /* PBXTargetDependency */ = {
			isa = PBXTargetDependency;
			target = E425D2372881DCEC00F6524B /* Prework */;
			targetProxy = E425D25C2881DCF100F6524B /* PBXContainerItemProxy */;
		};
/* End PBXTargetDependency section */

/* Begin PBXVariantGroup section */
		E425D2412881DCEC00F6524B /* Main.storyboard */ = {
			isa = PBXVariantGroup;
			children = (
				E425D2422881DCEC00F6524B /* Base */,
			);
			name = Main.storyboard;
			sourceTree = "<group>";
		};
		E425D2492881DCF000F6524B /* LaunchScreen.storyboard */ = {
			isa = PBXVariantGroup;
			children = (
				E425D24A2881DCF000F6524B /* Base */,
			);
			name = LaunchScreen.storyboard;
			sourceTree = "<group>";
		};
/* End PBXVariantGroup section */

/* Begin XCBuildConfiguration section */
		E425D2632881DCF100F6524B /* Debug */ = {
			isa = XCBuildConfiguration;
			buildSettings = {
				ALWAYS_SEARCH_USER_PATHS = NO;
				CLANG_ANALYZER_NONNULL = YES;
				CLANG_ANALYZER_NUMBER_OBJECT_CONVERSION = YES_AGGRESSIVE;
				CLANG_CXX_LANGUAGE_STANDARD = "gnu++17";
				CLANG_ENABLE_MODULES = YES;
				CLANG_ENABLE_OBJC_ARC = YES;
				CLANG_ENABLE_OBJC_WEAK = YES;
				CLANG_WARN_BLOCK_CAPTURE_AUTORELEASING = YES;
				CLANG_WARN_BOOL_CONVERSION = YES;
				CLANG_WARN_COMMA = YES;
				CLANG_WARN_CONSTANT_CONVERSION = YES;
				CLANG_WARN_DEPRECATED_OBJC_IMPLEMENTATIONS = YES;
				CLANG_WARN_DIRECT_OBJC_ISA_USAGE = YES_ERROR;
				CLANG_WARN_DOCUMENTATION_COMMENTS = YES;
				CLANG_WARN_EMPTY_BODY = YES;
				CLANG_WARN_ENUM_CONVERSION = YES;
				CLANG_WARN_INFINITE_RECURSION = YES;
				CLANG_WARN_INT_CONVERSION = YES;
				CLANG_WARN_NON_LITERAL_NULL_CONVERSION = YES;
				CLANG_WARN_OBJC_IMPLICIT_RETAIN_SELF = YES;
				CLANG_WARN_OBJC_LITERAL_CONVERSION = YES;
				CLANG_WARN_OBJC_ROOT_CLASS = YES_ERROR;
				CLANG_WARN_QUOTED_INCLUDE_IN_FRAMEWORK_HEADER = YES;
				CLANG_WARN_RANGE_LOOP_ANALYSIS = YES;
				CLANG_WARN_STRICT_PROTOTYPES = YES;
				CLANG_WARN_SUSPICIOUS_MOVE = YES;
				CLANG_WARN_UNGUARDED_AVAILABILITY = YES_AGGRESSIVE;
				CLANG_WARN_UNREACHABLE_CODE = YES;
				CLANG_WARN__DUPLICATE_METHOD_MATCH = YES;
				COPY_PHASE_STRIP = NO;
				DEBUG_INFORMATION_FORMAT = dwarf;
				ENABLE_STRICT_OBJC_MSGSEND = YES;
				ENABLE_TESTABILITY = YES;
				GCC_C_LANGUAGE_STANDARD = gnu11;
				GCC_DYNAMIC_NO_PIC = NO;
				GCC_NO_COMMON_BLOCKS = YES;
				GCC_OPTIMIZATION_LEVEL = 0;
				GCC_PREPROCESSOR_DEFINITIONS = (
					"DEBUG=1",
					"$(inherited)",
				);
				GCC_WARN_64_TO_32_BIT_CONVERSION = YES;
				GCC_WARN_ABOUT_RETURN_TYPE = YES_ERROR;
				GCC_WARN_UNDECLARED_SELECTOR = YES;
				GCC_WARN_UNINITIALIZED_AUTOS = YES_AGGRESSIVE;
				GCC_WARN_UNUSED_FUNCTION = YES;
				GCC_WARN_UNUSED_VARIABLE = YES;
				IPHONEOS_DEPLOYMENT_TARGET = 15.5;
				MTL_ENABLE_DEBUG_INFO = INCLUDE_SOURCE;
				MTL_FAST_MATH = YES;
				ONLY_ACTIVE_ARCH = YES;
				SDKROOT = iphoneos;
				SWIFT_ACTIVE_COMPILATION_CONDITIONS = DEBUG;
				SWIFT_OPTIMIZATION_LEVEL = "-Onone";
			};
			name = Debug;
		};
		E425D2642881DCF100F6524B /* Release */ = {
			isa = XCBuildConfiguration;
			buildSettings = {
				ALWAYS_SEARCH_USER_PATHS = NO;
				CLANG_ANALYZER_NONNULL = YES;
				CLANG_ANALYZER_NUMBER_OBJECT_CONVERSION = YES_AGGRESSIVE;
				CLANG_CXX_LANGUAGE_STANDARD = "gnu++17";
				CLANG_ENABLE_MODULES = YES;
				CLANG_ENABLE_OBJC_ARC = YES;
				CLANG_ENABLE_OBJC_WEAK = YES;
				CLANG_WARN_BLOCK_CAPTURE_AUTORELEASING = YES;
				CLANG_WARN_BOOL_CONVERSION = YES;
				CLANG_WARN_COMMA = YES;
				CLANG_WARN_CONSTANT_CONVERSION = YES;
				CLANG_WARN_DEPRECATED_OBJC_IMPLEMENTATIONS = YES;
				CLANG_WARN_DIRECT_OBJC_ISA_USAGE = YES_ERROR;
				CLANG_WARN_DOCUMENTATION_COMMENTS = YES;
				CLANG_WARN_EMPTY_BODY = YES;
				CLANG_WARN_ENUM_CONVERSION = YES;
				CLANG_WARN_INFINITE_RECURSION = YES;
				CLANG_WARN_INT_CONVERSION = YES;
				CLANG_WARN_NON_LITERAL_NULL_CONVERSION = YES;
				CLANG_WARN_OBJC_IMPLICIT_RETAIN_SELF = YES;
				CLANG_WARN_OBJC_LITERAL_CONVERSION = YES;
				CLANG_WARN_OBJC_ROOT_CLASS = YES_ERROR;
				CLANG_WARN_QUOTED_INCLUDE_IN_FRAMEWORK_HEADER = YES;
				CLANG_WARN_RANGE_LOOP_ANALYSIS = YES;
				CLANG_WARN_STRICT_PROTOTYPES = YES;
				CLANG_WARN_SUSPICIOUS_MOVE = YES;
				CLANG_WARN_UNGUARDED_AVAILABILITY = YES_AGGRESSIVE;
				CLANG_WARN_UNREACHABLE_CODE = YES;
				CLANG_WARN__DUPLICATE_METHOD_MATCH = YES;
				COPY_PHASE_STRIP = NO;
				DEBUG_INFORMATION_FORMAT = "dwarf-with-dsym";
				ENABLE_NS_ASSERTIONS = NO;
				ENABLE_STRICT_OBJC_MSGSEND = YES;
				GCC_C_LANGUAGE_STANDARD = gnu11;
				GCC_NO_COMMON_BLOCKS = YES;
				GCC_WARN_64_TO_32_BIT_CONVERSION = YES;
				GCC_WARN_ABOUT_RETURN_TYPE = YES_ERROR;
				GCC_WARN_UNDECLARED_SELECTOR = YES;
				GCC_WARN_UNINITIALIZED_AUTOS = YES_AGGRESSIVE;
				GCC_WARN_UNUSED_FUNCTION = YES;
				GCC_WARN_UNUSED_VARIABLE = YES;
				IPHONEOS_DEPLOYMENT_TARGET = 15.5;
				MTL_ENABLE_DEBUG_INFO = NO;
				MTL_FAST_MATH = YES;
				SDKROOT = iphoneos;
				SWIFT_COMPILATION_MODE = wholemodule;
				SWIFT_OPTIMIZATION_LEVEL = "-O";
				VALIDATE_PRODUCT = YES;
			};
			name = Release;
		};
		E425D2662881DCF100F6524B /* Debug */ = {
			isa = XCBuildConfiguration;
			buildSettings = {
				ASSETCATALOG_COMPILER_APPICON_NAME = AppIcon;
				ASSETCATALOG_COMPILER_GLOBAL_ACCENT_COLOR_NAME = AccentColor;
				CODE_SIGN_STYLE = Automatic;
				CURRENT_PROJECT_VERSION = 1;
				GENERATE_INFOPLIST_FILE = YES;
				INFOPLIST_FILE = Prework/Info.plist;
				INFOPLIST_KEY_UIApplicationSupportsIndirectInputEvents = YES;
				INFOPLIST_KEY_UILaunchStoryboardName = LaunchScreen;
				INFOPLIST_KEY_UIMainStoryboardFile = Main;
				INFOPLIST_KEY_UISupportedInterfaceOrientations_iPad = "UIInterfaceOrientationPortrait UIInterfaceOrientationPortraitUpsideDown UIInterfaceOrientationLandscapeLeft UIInterfaceOrientationLandscapeRight";
				INFOPLIST_KEY_UISupportedInterfaceOrientations_iPhone = "UIInterfaceOrientationPortrait UIInterfaceOrientationLandscapeLeft UIInterfaceOrientationLandscapeRight";
				LD_RUNPATH_SEARCH_PATHS = (
					"$(inherited)",
					"@executable_path/Frameworks",
				);
				MARKETING_VERSION = 1.0;
				PRODUCT_BUNDLE_IDENTIFIER = me.Prework;
				PRODUCT_NAME = "$(TARGET_NAME)";
				SWIFT_EMIT_LOC_STRINGS = YES;
				SWIFT_VERSION = 5.0;
				TARGETED_DEVICE_FAMILY = "1,2";
			};
			name = Debug;
		};
		E425D2672881DCF100F6524B /* Release */ = {
			isa = XCBuildConfiguration;
			buildSettings = {
				ASSETCATALOG_COMPILER_APPICON_NAME = AppIcon;
				ASSETCATALOG_COMPILER_GLOBAL_ACCENT_COLOR_NAME = AccentColor;
				CODE_SIGN_STYLE = Automatic;
				CURRENT_PROJECT_VERSION = 1;
				GENERATE_INFOPLIST_FILE = YES;
				INFOPLIST_FILE = Prework/Info.plist;
				INFOPLIST_KEY_UIApplicationSupportsIndirectInputEvents = YES;
				INFOPLIST_KEY_UILaunchStoryboardName = LaunchScreen;
				INFOPLIST_KEY_UIMainStoryboardFile = Main;
				INFOPLIST_KEY_UISupportedInterfaceOrientations_iPad = "UIInterfaceOrientationPortrait UIInterfaceOrientationPortraitUpsideDown UIInterfaceOrientationLandscapeLeft UIInterfaceOrientationLandscapeRight";
				INFOPLIST_KEY_UISupportedInterfaceOrientations_iPhone = "UIInterfaceOrientationPortrait UIInterfaceOrientationLandscapeLeft UIInterfaceOrientationLandscapeRight";
				LD_RUNPATH_SEARCH_PATHS = (
					"$(inherited)",
					"@executable_path/Frameworks",
				);
				MARKETING_VERSION = 1.0;
				PRODUCT_BUNDLE_IDENTIFIER = me.Prework;
				PRODUCT_NAME = "$(TARGET_NAME)";
				SWIFT_EMIT_LOC_STRINGS = YES;
				SWIFT_VERSION = 5.0;
				TARGETED_DEVICE_FAMILY = "1,2";
			};
			name = Release;
		};
		E425D2692881DCF100F6524B /* Debug */ = {
			isa = XCBuildConfiguration;
			buildSettings = {
				ALWAYS_EMBED_SWIFT_STANDARD_LIBRARIES = YES;
				BUNDLE_LOADER = "$(TEST_HOST)";
				CODE_SIGN_STYLE = Automatic;
				CURRENT_PROJECT_VERSION = 1;
				GENERATE_INFOPLIST_FILE = YES;
				IPHONEOS_DEPLOYMENT_TARGET = 15.5;
				MARKETING_VERSION = 1.0;
				PRODUCT_BUNDLE_IDENTIFIER = me.PreworkTests;
				PRODUCT_NAME = "$(TARGET_NAME)";
				SWIFT_EMIT_LOC_STRINGS = NO;
				SWIFT_VERSION = 5.0;
				TARGETED_DEVICE_FAMILY = "1,2";
				TEST_HOST = "$(BUILT_PRODUCTS_DIR)/Prework.app/Prework";
			};
			name = Debug;
		};
		E425D26A2881DCF100F6524B /* Release */ = {
			isa = XCBuildConfiguration;
			buildSettings = {
				ALWAYS_EMBED_SWIFT_STANDARD_LIBRARIES = YES;
				BUNDLE_LOADER = "$(TEST_HOST)";
				CODE_SIGN_STYLE = Automatic;
				CURRENT_PROJECT_VERSION = 1;
				GENERATE_INFOPLIST_FILE = YES;
				IPHONEOS_DEPLOYMENT_TARGET = 15.5;
				MARKETING_VERSION = 1.0;
				PRODUCT_BUNDLE_IDENTIFIER = me.PreworkTests;
				PRODUCT_NAME = "$(TARGET_NAME)";
				SWIFT_EMIT_LOC_STRINGS = NO;
				SWIFT_VERSION = 5.0;
				TARGETED_DEVICE_FAMILY = "1,2";
				TEST_HOST = "$(BUILT_PRODUCTS_DIR)/Prework.app/Prework";
			};
			name = Release;
		};
		E425D26C2881DCF100F6524B /* Debug */ = {
			isa = XCBuildConfiguration;
			buildSettings = {
				ALWAYS_EMBED_SWIFT_STANDARD_LIBRARIES = YES;
				CODE_SIGN_STYLE = Automatic;
				CURRENT_PROJECT_VERSION = 1;
				GENERATE_INFOPLIST_FILE = YES;
				MARKETING_VERSION = 1.0;
				PRODUCT_BUNDLE_IDENTIFIER = me.PreworkUITests;
				PRODUCT_NAME = "$(TARGET_NAME)";
				SWIFT_EMIT_LOC_STRINGS = NO;
				SWIFT_VERSION = 5.0;
				TARGETED_DEVICE_FAMILY = "1,2";
				TEST_TARGET_NAME = Prework;
			};
			name = Debug;
		};
		E425D26D2881DCF100F6524B /* Release */ = {
			isa = XCBuildConfiguration;
			buildSettings = {
				ALWAYS_EMBED_SWIFT_STANDARD_LIBRARIES = YES;
				CODE_SIGN_STYLE = Automatic;
				CURRENT_PROJECT_VERSION = 1;
				GENERATE_INFOPLIST_FILE = YES;
				MARKETING_VERSION = 1.0;
				PRODUCT_BUNDLE_IDENTIFIER = me.PreworkUITests;
				PRODUCT_NAME = "$(TARGET_NAME)";
				SWIFT_EMIT_LOC_STRINGS = NO;
				SWIFT_VERSION = 5.0;
				TARGETED_DEVICE_FAMILY = "1,2";
				TEST_TARGET_NAME = Prework;
			};
			name = Release;
		};
/* End XCBuildConfiguration section */

/* Begin XCConfigurationList section */
		E425D2332881DCEC00F6524B /* Build configuration list for PBXProject "Prework" */ = {
			isa = XCConfigurationList;
			buildConfigurations = (
				E425D2632881DCF100F6524B /* Debug */,
				E425D2642881DCF100F6524B /* Release */,
			);
			defaultConfigurationIsVisible = 0;
			defaultConfigurationName = Release;
		};
		E425D2652881DCF100F6524B /* Build configuration list for PBXNativeTarget "Prework" */ = {
			isa = XCConfigurationList;
			buildConfigurations = (
				E425D2662881DCF100F6524B /* Debug */,
				E425D2672881DCF100F6524B /* Release */,
			);
			defaultConfigurationIsVisible = 0;
			defaultConfigurationName = Release;
		};
		E425D2682881DCF100F6524B /* Build configuration list for PBXNativeTarget "PreworkTests" */ = {
			isa = XCConfigurationList;
			buildConfigurations = (
				E425D2692881DCF100F6524B /* Debug */,
				E425D26A2881DCF100F6524B /* Release */,
			);
			defaultConfigurationIsVisible = 0;
			defaultConfigurationName = Release;
		};
		E425D26B2881DCF100F6524B /* Build configuration list for PBXNativeTarget "PreworkUITests" */ = {
			isa = XCConfigurationList;
			buildConfigurations = (
				E425D26C2881DCF100F6524B /* Debug */,
				E425D26D2881DCF100F6524B /* Release */,
			);
			defaultConfigurationIsVisible = 0;
			defaultConfigurationName = Release;
		};
/* End XCConfigurationList section */

/* Begin XCVersionGroup section */
		E425D2442881DCEC00F6524B /* Prework.xcdatamodeld */ = {
			isa = XCVersionGroup;
			children = (
				E425D2452881DCEC00F6524B /* Prework.xcdatamodel */,
			);
			currentVersion = E425D2452881DCEC00F6524B /* Prework.xcdatamodel */;
			path = Prework.xcdatamodeld;
			sourceTree = "<group>";
			versionGroupType = wrapper.xcdatamodel;
		};
/* End XCVersionGroup section */
	};
	rootObject = E425D2302881DCEC00F6524B /* Project object */;
}
